
Microsoft Visual Studio Solution File, Format Version 12.00
# Visual Studio Version 17
VisualStudioVersion = 17.5.33516.290
MinimumVisualStudioVersion = 10.0.40219.1
Project("{9A19103F-16F7-4668-BE54-9A1E7A4F7556}") = "NativeAOTTest", "NativeAOTTest.csproj", "{9DD0EC7C-0B47-4D3B-8B49-F33ED86294C7}"
EndProject
Project("{FAE04EC0-301F-11D3-BF4B-00C04F79EFBC}") = "Test", "..\Test\Test.csproj", "{F3A46520-4575-4618-93E4-C47883F4B934}"
EndProject
Global
	GlobalSection(SolutionConfigurationPlatforms) = preSolution
		Debug|Any CPU = Debug|Any CPU
		Release|Any CPU = Release|Any CPU
	EndGlobalSection
	GlobalSection(ProjectConfigurationPlatforms) = postSolution
		{9DD0EC7C-0B47-4D3B-8B49-F33ED86294C7}.Debug|Any CPU.ActiveCfg = Debug|Any CPU
		{9DD0EC7C-0B47-4D3B-8B49-F33ED86294C7}.Debug|Any CPU.Build.0 = Debug|Any CPU
		{9DD0EC7C-0B47-4D3B-8B49-F33ED86294C7}.Release|Any CPU.ActiveCfg = Release|Any CPU
		{9DD0EC7C-0B47-4D3B-8B49-F33ED86294C7}.Release|Any CPU.Build.0 = Release|Any CPU
		{F3A46520-4575-4618-93E4-C47883F4B934}.Debug|Any CPU.ActiveCfg = Debug|Any CPU
		{F3A46520-4575-4618-93E4-C47883F4B934}.Debug|Any CPU.Build.0 = Debug|Any CPU
		{F3A46520-4575-4618-93E4-C47883F4B934}.Release|Any CPU.ActiveCfg = Release|Any CPU
		{F3A46520-4575-4618-93E4-C47883F4B934}.Release|Any CPU.Build.0 = Release|Any CPU
	EndGlobalSection
	GlobalSection(SolutionProperties) = preSolution
		HideSolutionNode = FALSE
	EndGlobalSection
	GlobalSection(ExtensibilityGlobals) = postSolution
		SolutionGuid = {86B5EB8A-1AF6-48F3-9810-F65BB5E65A74}
	EndGlobalSection
EndGlobal
